// !$*UTF8*$!
{
	archiveVersion = 1;
	classes = {
	};
	objectVersion = 56;
	objects = {

/* Begin PBXBuildFile section */
		5441E29F2B6BF01B008D9163 /* MedicineReminderApp.swift in Sources */ = {isa = PBXBuildFile; fileRef = 5441E29E2B6BF01B008D9163 /* MedicineReminderApp.swift */; };
		5441E2A12B6BF01B008D9163 /* ContentView.swift in Sources */ = {isa = PBXBuildFile; fileRef = 5441E2A02B6BF01B008D9163 /* ContentView.swift */; };
		5441E2A32B6BF01B008D9163 /* AppIdea.swift in Sources */ = {isa = PBXBuildFile; fileRef = 5441E2A22B6BF01B008D9163 /* AppIdea.swift */; };
		5441E2A52B6BF01D008D9163 /* Assets.xcassets in Resources */ = {isa = PBXBuildFile; fileRef = 5441E2A42B6BF01D008D9163 /* Assets.xcassets */; };
		5441E2A82B6BF01D008D9163 /* Preview Assets.xcassets in Resources */ = {isa = PBXBuildFile; fileRef = 5441E2A72B6BF01D008D9163 /* Preview Assets.xcassets */; };
		5441E2AF2B6BF0C1008D9163 /* AppFeature.swift in Sources */ = {isa = PBXBuildFile; fileRef = 5441E2AE2B6BF0C1008D9163 /* AppFeature.swift */; };
		5441E2B12B6BF8E3008D9163 /* EditAppIdeaView.swift in Sources */ = {isa = PBXBuildFile; fileRef = 5441E2B02B6BF8E3008D9163 /* EditAppIdeaView.swift */; };
		5441E2B32B6C1ECD008D9163 /* AppIdeasListRow.swift in Sources */ = {isa = PBXBuildFile; fileRef = 5441E2B22B6C1ECD008D9163 /* AppIdeasListRow.swift */; };
/* End PBXBuildFile section */

/* Begin PBXFileReference section */
		5441E29B2B6BF01B008D9163 /* MedicineReminder.app */ = {isa = PBXFileReference; explicitFileType = wrapper.application; includeInIndex = 0; path = MedicineReminder.app; sourceTree = BUILT_PRODUCTS_DIR; };
		5441E29E2B6BF01B008D9163 /* MedicineReminderApp.swift */ = {isa = PBXFileReference; lastKnownFileType = sourcecode.swift; path = MedicineReminderApp.swift; sourceTree = "<group>"; };
		5441E2A02B6BF01B008D9163 /* ContentView.swift */ = {isa = PBXFileReference; lastKnownFileType = sourcecode.swift; path = ContentView.swift; sourceTree = "<group>"; };
		5441E2A22B6BF01B008D9163 /* AppIdea.swift */ = {isa = PBXFileReference; lastKnownFileType = sourcecode.swift; path = AppIdea.swift; sourceTree = "<group>"; };
		5441E2A42B6BF01D008D9163 /* Assets.xcassets */ = {isa = PBXFileReference; lastKnownFileType = folder.assetcatalog; path = Assets.xcassets; sourceTree = "<group>"; };
		5441E2A72B6BF01D008D9163 /* Preview Assets.xcassets */ = {isa = PBXFileReference; lastKnownFileType = folder.assetcatalog; path = "Preview Assets.xcassets"; sourceTree = "<group>"; };
		5441E2AE2B6BF0C1008D9163 /* AppFeature.swift */ = {isa = PBXFileReference; lastKnownFileType = sourcecode.swift; path = AppFeature.swift; sourceTree = "<group>"; };
		5441E2B02B6BF8E3008D9163 /* EditAppIdeaView.swift */ = {isa = PBXFileReference; lastKnownFileType = sourcecode.swift; path = EditAppIdeaView.swift; sourceTree = "<group>"; };
		5441E2B22B6C1ECD008D9163 /* AppIdeasListRow.swift */ = {isa = PBXFileReference; lastKnownFileType = sourcecode.swift; path = AppIdeasListRow.swift; sourceTree = "<group>"; };
/* End PBXFileReference section */

/* Begin PBXFrameworksBuildPhase section */
		5441E2982B6BF01B008D9163 /* Frameworks */ = {
			isa = PBXFrameworksBuildPhase;
			buildActionMask = 2147483647;
			files = (
			);
			runOnlyForDeploymentPostprocessing = 0;
		};
/* End PBXFrameworksBuildPhase section */

/* Begin PBXGroup section */
		5441E2922B6BF01B008D9163 = {
			isa = PBXGroup;
			children = (
				5441E29D2B6BF01B008D9163 /* MedicineReminder */,
				5441E29C2B6BF01B008D9163 /* Products */,
			);
			sourceTree = "<group>";
		};
		5441E29C2B6BF01B008D9163 /* Products */ = {
			isa = PBXGroup;
			children = (
				5441E29B2B6BF01B008D9163 /* MedicineReminder.app */,
			);
			name = Products;
			sourceTree = "<group>";
		};
		5441E29D2B6BF01B008D9163 /* MedicineReminder */ = {
			isa = PBXGroup;
			children = (
				5441E29E2B6BF01B008D9163 /* MedicineReminderApp.swift */,
				5441E2A02B6BF01B008D9163 /* ContentView.swift */,
				5441E2B22B6C1ECD008D9163 /* AppIdeasListRow.swift */,
				5441E2B02B6BF8E3008D9163 /* EditAppIdeaView.swift */,
				5441E2A22B6BF01B008D9163 /* AppIdea.swift */,
				5441E2AE2B6BF0C1008D9163 /* AppFeature.swift */,
				5441E2A42B6BF01D008D9163 /* Assets.xcassets */,
				5441E2A62B6BF01D008D9163 /* Preview Content */,
			);
			path = MedicineReminder;
			sourceTree = "<group>";
		};
		5441E2A62B6BF01D008D9163 /* Preview Content */ = {
			isa = PBXGroup;
			children = (
				5441E2A72B6BF01D008D9163 /* Preview Assets.xcassets */,
			);
			path = "Preview Content";
			sourceTree = "<group>";
		};
/* End PBXGroup section */

/* Begin PBXNativeTarget section */
		5441E29A2B6BF01B008D9163 /* MedicineReminder */ = {
			isa = PBXNativeTarget;
			buildConfigurationList = 5441E2AB2B6BF01D008D9163 /* Build configuration list for PBXNativeTarget "MedicineReminder" */;
			buildPhases = (
				5441E2972B6BF01B008D9163 /* Sources */,
				5441E2982B6BF01B008D9163 /* Frameworks */,
				5441E2992B6BF01B008D9163 /* Resources */,
			);
			buildRules = (
			);
			dependencies = (
			);
			name = MedicineReminder;
			productName = MedicineReminder;
			productReference = 5441E29B2B6BF01B008D9163 /* MedicineReminder.app */;
			productType = "com.apple.product-type.application";
		};
/* End PBXNativeTarget section */

/* Begin PBXProject section */
		5441E2932B6BF01B008D9163 /* Project object */ = {
			isa = PBXProject;
			attributes = {
				BuildIndependentTargetsInParallel = 1;
				LastSwiftUpdateCheck = 1520;
				LastUpgradeCheck = 1520;
				TargetAttributes = {
					5441E29A2B6BF01B008D9163 = {
						CreatedOnToolsVersion = 15.2;
					};
				};
			};
			buildConfigurationList = 5441E2962B6BF01B008D9163 /* Build configuration list for PBXProject "MedicineReminder" */;
			compatibilityVersion = "Xcode 14.0";
			developmentRegion = en;
			hasScannedForEncodings = 0;
			knownRegions = (
				en,
				Base,
			);
			mainGroup = 5441E2922B6BF01B008D9163;
			productRefGroup = 5441E29C2B6BF01B008D9163 /* Products */;
			projectDirPath = "";
			projectRoot = "";
			targets = (
				5441E29A2B6BF01B008D9163 /* MedicineReminder */,
			);
		};
/* End PBXProject section */

/* Begin PBXResourcesBuildPhase section */
		5441E2992B6BF01B008D9163 /* Resources */ = {
			isa = PBXResourcesBuildPhase;
			buildActionMask = 2147483647;
			files = (
				5441E2A82B6BF01D008D9163 /* Preview Assets.xcassets in Resources */,
				5441E2A52B6BF01D008D9163 /* Assets.xcassets in Resources */,
			);
			runOnlyForDeploymentPostprocessing = 0;
		};
/* End PBXResourcesBuildPhase section */

/* Begin PBXSourcesBuildPhase section */
		5441E2972B6BF01B008D9163 /* Sources */ = {
			isa = PBXSourcesBuildPhase;
			buildActionMask = 2147483647;
			files = (
				5441E2AF2B6BF0C1008D9163 /* AppFeature.swift in Sources */,
				5441E2A12B6BF01B008D9163 /* ContentView.swift in Sources */,
				5441E2A32B6BF01B008D9163 /* AppIdea.swift in Sources */,
				5441E29F2B6BF01B008D9163 /* MedicineReminderApp.swift in Sources */,
				5441E2B12B6BF8E3008D9163 /* EditAppIdeaView.swift in Sources */,
				5441E2B32B6C1ECD008D9163 /* AppIdeasListRow.swift in Sources */,
			);
			runOnlyForDeploymentPostprocessing = 0;
		};
/* End PBXSourcesBuildPhase section */

/* Begin XCBuildConfiguration section */
		5441E2A92B6BF01D008D9163 /* Debug */ = {
			isa = XCBuildConfiguration;
			buildSettings = {
				ALWAYS_SEARCH_USER_PATHS = NO;
				ASSETCATALOG_COMPILER_GENERATE_SWIFT_ASSET_SYMBOL_EXTENSIONS = YES;
				CLANG_ANALYZER_NONNULL = YES;
				CLANG_ANALYZER_NUMBER_OBJECT_CONVERSION = YES_AGGRESSIVE;
				CLANG_CXX_LANGUAGE_STANDARD = "gnu++20";
				CLANG_ENABLE_MODULES = YES;
				CLANG_ENABLE_OBJC_ARC = YES;
				CLANG_ENABLE_OBJC_WEAK = YES;
				CLANG_WARN_BLOCK_CAPTURE_AUTORELEASING = YES;
				CLANG_WARN_BOOL_CONVERSION = YES;
				CLANG_WARN_COMMA = YES;
				CLANG_WARN_CONSTANT_CONVERSION = YES;
				CLANG_WARN_DEPRECATED_OBJC_IMPLEMENTATIONS = YES;
				CLANG_WARN_DIRECT_OBJC_ISA_USAGE = YES_ERROR;
				CLANG_WARN_DOCUMENTATION_COMMENTS = YES;
				CLANG_WARN_EMPTY_BODY = YES;
				CLANG_WARN_ENUM_CONVERSION = YES;
				CLANG_WARN_INFINITE_RECURSION = YES;
				CLANG_WARN_INT_CONVERSION = YES;
				CLANG_WARN_NON_LITERAL_NULL_CONVERSION = YES;
				CLANG_WARN_OBJC_IMPLICIT_RETAIN_SELF = YES;
				CLANG_WARN_OBJC_LITERAL_CONVERSION = YES;
				CLANG_WARN_OBJC_ROOT_CLASS = YES_ERROR;
				CLANG_WARN_QUOTED_INCLUDE_IN_FRAMEWORK_HEADER = YES;
				CLANG_WARN_RANGE_LOOP_ANALYSIS = YES;
				CLANG_WARN_STRICT_PROTOTYPES = YES;
				CLANG_WARN_SUSPICIOUS_MOVE = YES;
				CLANG_WARN_UNGUARDED_AVAILABILITY = YES_AGGRESSIVE;
				CLANG_WARN_UNREACHABLE_CODE = YES;
				CLANG_WARN__DUPLICATE_METHOD_MATCH = YES;
				COPY_PHASE_STRIP = NO;
				DEBUG_INFORMATION_FORMAT = dwarf;
				ENABLE_STRICT_OBJC_MSGSEND = YES;
				ENABLE_TESTABILITY = YES;
				ENABLE_USER_SCRIPT_SANDBOXING = YES;
				GCC_C_LANGUAGE_STANDARD = gnu17;
				GCC_DYNAMIC_NO_PIC = NO;
				GCC_NO_COMMON_BLOCKS = YES;
				GCC_OPTIMIZATION_LEVEL = 0;
				GCC_PREPROCESSOR_DEFINITIONS = (
					"DEBUG=1",
					"$(inherited)",
				);
				GCC_WARN_64_TO_32_BIT_CONVERSION = YES;
				GCC_WARN_ABOUT_RETURN_TYPE = YES_ERROR;
				GCC_WARN_UNDECLARED_SELECTOR = YES;
				GCC_WARN_UNINITIALIZED_AUTOS = YES_AGGRESSIVE;
				GCC_WARN_UNUSED_FUNCTION = YES;
				GCC_WARN_UNUSED_VARIABLE = YES;
				IPHONEOS_DEPLOYMENT_TARGET = 17.2;
				LOCALIZATION_PREFERS_STRING_CATALOGS = YES;
				MTL_ENABLE_DEBUG_INFO = INCLUDE_SOURCE;
				MTL_FAST_MATH = YES;
				ONLY_ACTIVE_ARCH = YES;
				SDKROOT = iphoneos;
				SWIFT_ACTIVE_COMPILATION_CONDITIONS = "DEBUG $(inherited)";
				SWIFT_OPTIMIZATION_LEVEL = "-Onone";
			};
			name = Debug;
		};
		5441E2AA2B6BF01D008D9163 /* Release */ = {
			isa = XCBuildConfiguration;
			buildSettings = {
				ALWAYS_SEARCH_USER_PATHS = NO;
				ASSETCATALOG_COMPILER_GENERATE_SWIFT_ASSET_SYMBOL_EXTENSIONS = YES;
				CLANG_ANALYZER_NONNULL = YES;
				CLANG_ANALYZER_NUMBER_OBJECT_CONVERSION = YES_AGGRESSIVE;
				CLANG_CXX_LANGUAGE_STANDARD = "gnu++20";
				CLANG_ENABLE_MODULES = YES;
				CLANG_ENABLE_OBJC_ARC = YES;
				CLANG_ENABLE_OBJC_WEAK = YES;
				CLANG_WARN_BLOCK_CAPTURE_AUTORELEASING = YES;
				CLANG_WARN_BOOL_CONVERSION = YES;
				CLANG_WARN_COMMA = YES;
				CLANG_WARN_CONSTANT_CONVERSION = YES;
				CLANG_WARN_DEPRECATED_OBJC_IMPLEMENTATIONS = YES;
				CLANG_WARN_DIRECT_OBJC_ISA_USAGE = YES_ERROR;
				CLANG_WARN_DOCUMENTATION_COMMENTS = YES;
				CLANG_WARN_EMPTY_BODY = YES;
				CLANG_WARN_ENUM_CONVERSION = YES;
				CLANG_WARN_INFINITE_RECURSION = YES;
				CLANG_WARN_INT_CONVERSION = YES;
				CLANG_WARN_NON_LITERAL_NULL_CONVERSION = YES;
				CLANG_WARN_OBJC_IMPLICIT_RETAIN_SELF = YES;
				CLANG_WARN_OBJC_LITERAL_CONVERSION = YES;
				CLANG_WARN_OBJC_ROOT_CLASS = YES_ERROR;
				CLANG_WARN_QUOTED_INCLUDE_IN_FRAMEWORK_HEADER = YES;
				CLANG_WARN_RANGE_LOOP_ANALYSIS = YES;
				CLANG_WARN_STRICT_PROTOTYPES = YES;
				CLANG_WARN_SUSPICIOUS_MOVE = YES;
				CLANG_WARN_UNGUARDED_AVAILABILITY = YES_AGGRESSIVE;
				CLANG_WARN_UNREACHABLE_CODE = YES;
				CLANG_WARN__DUPLICATE_METHOD_MATCH = YES;
				COPY_PHASE_STRIP = NO;
				DEBUG_INFORMATION_FORMAT = "dwarf-with-dsym";
				ENABLE_NS_ASSERTIONS = NO;
				ENABLE_STRICT_OBJC_MSGSEND = YES;
				ENABLE_USER_SCRIPT_SANDBOXING = YES;
				GCC_C_LANGUAGE_STANDARD = gnu17;
				GCC_NO_COMMON_BLOCKS = YES;
				GCC_WARN_64_TO_32_BIT_CONVERSION = YES;
				GCC_WARN_ABOUT_RETURN_TYPE = YES_ERROR;
				GCC_WARN_UNDECLARED_SELECTOR = YES;
				GCC_WARN_UNINITIALIZED_AUTOS = YES_AGGRESSIVE;
				GCC_WARN_UNUSED_FUNCTION = YES;
				GCC_WARN_UNUSED_VARIABLE = YES;
				IPHONEOS_DEPLOYMENT_TARGET = 17.2;
				LOCALIZATION_PREFERS_STRING_CATALOGS = YES;
				MTL_ENABLE_DEBUG_INFO = NO;
				MTL_FAST_MATH = YES;
				SDKROOT = iphoneos;
				SWIFT_COMPILATION_MODE = wholemodule;
				VALIDATE_PRODUCT = YES;
			};
			name = Release;
		};
		5441E2AC2B6BF01D008D9163 /* Debug */ = {
			isa = XCBuildConfiguration;
			buildSettings = {
				ASSETCATALOG_COMPILER_APPICON_NAME = AppIcon;
				ASSETCATALOG_COMPILER_GLOBAL_ACCENT_COLOR_NAME = AccentColor;
				CODE_SIGN_STYLE = Automatic;
				CURRENT_PROJECT_VERSION = 1;
				DEVELOPMENT_ASSET_PATHS = "\"MedicineReminder/Preview Content\"";
				DEVELOPMENT_TEAM = WGTR6BWWG8;
				ENABLE_PREVIEWS = YES;
				GENERATE_INFOPLIST_FILE = YES;
				INFOPLIST_KEY_UIApplicationSceneManifest_Generation = YES;
				INFOPLIST_KEY_UIApplicationSupportsIndirectInputEvents = YES;
				INFOPLIST_KEY_UILaunchScreen_Generation = YES;
				INFOPLIST_KEY_UISupportedInterfaceOrientations_iPad = "UIInterfaceOrientationPortrait UIInterfaceOrientationPortraitUpsideDown UIInterfaceOrientationLandscapeLeft UIInterfaceOrientationLandscapeRight";
				INFOPLIST_KEY_UISupportedInterfaceOrientations_iPhone = "UIInterfaceOrientationPortrait UIInterfaceOrientationLandscapeLeft UIInterfaceOrientationLandscapeRight";
				LD_RUNPATH_SEARCH_PATHS = (
					"$(inherited)",
					"@executable_path/Frameworks",
				);
				MARKETING_VERSION = 1.0;
				PRODUCT_BUNDLE_IDENTIFIER = com.fabriciomasiero.MedicineReminder;
				PRODUCT_NAME = "$(TARGET_NAME)";
				SWIFT_EMIT_LOC_STRINGS = YES;
				SWIFT_VERSION = 5.0;
				TARGETED_DEVICE_FAMILY = "1,2";
			};
			name = Debug;
		};
		5441E2AD2B6BF01D008D9163 /* Release */ = {
			isa = XCBuildConfiguration;
			buildSettings = {
				ASSETCATALOG_COMPILER_APPICON_NAME = AppIcon;
				ASSETCATALOG_COMPILER_GLOBAL_ACCENT_COLOR_NAME = AccentColor;
				CODE_SIGN_STYLE = Automatic;
				CURRENT_PROJECT_VERSION = 1;
				DEVELOPMENT_ASSET_PATHS = "\"MedicineReminder/Preview Content\"";
				DEVELOPMENT_TEAM = WGTR6BWWG8;
				ENABLE_PREVIEWS = YES;
				GENERATE_INFOPLIST_FILE = YES;
				INFOPLIST_KEY_UIApplicationSceneManifest_Generation = YES;
				INFOPLIST_KEY_UIApplicationSupportsIndirectInputEvents = YES;
				INFOPLIST_KEY_UILaunchScreen_Generation = YES;
				INFOPLIST_KEY_UISupportedInterfaceOrientations_iPad = "UIInterfaceOrientationPortrait UIInterfaceOrientationPortraitUpsideDown UIInterfaceOrientationLandscapeLeft UIInterfaceOrientationLandscapeRight";
				INFOPLIST_KEY_UISupportedInterfaceOrientations_iPhone = "UIInterfaceOrientationPortrait UIInterfaceOrientationLandscapeLeft UIInterfaceOrientationLandscapeRight";
				LD_RUNPATH_SEARCH_PATHS = (
					"$(inherited)",
					"@executable_path/Frameworks",
				);
				MARKETING_VERSION = 1.0;
				PRODUCT_BUNDLE_IDENTIFIER = com.fabriciomasiero.MedicineReminder;
				PRODUCT_NAME = "$(TARGET_NAME)";
				SWIFT_EMIT_LOC_STRINGS = YES;
				SWIFT_VERSION = 5.0;
				TARGETED_DEVICE_FAMILY = "1,2";
			};
			name = Release;
		};
/* End XCBuildConfiguration section */

/* Begin XCConfigurationList section */
		5441E2962B6BF01B008D9163 /* Build configuration list for PBXProject "MedicineReminder" */ = {
			isa = XCConfigurationList;
			buildConfigurations = (
				5441E2A92B6BF01D008D9163 /* Debug */,
				5441E2AA2B6BF01D008D9163 /* Release */,
			);
			defaultConfigurationIsVisible = 0;
			defaultConfigurationName = Release;
		};
		5441E2AB2B6BF01D008D9163 /* Build configuration list for PBXNativeTarget "MedicineReminder" */ = {
			isa = XCConfigurationList;
			buildConfigurations = (
				5441E2AC2B6BF01D008D9163 /* Debug */,
				5441E2AD2B6BF01D008D9163 /* Release */,
			);
			defaultConfigurationIsVisible = 0;
			defaultConfigurationName = Release;
		};
/* End XCConfigurationList section */
	};
	rootObject = 5441E2932B6BF01B008D9163 /* Project object */;
}
